
Microsoft Visual Studio Solution File, Format Version 12.00
# Visual Studio 2013
VisualStudioVersion = 12.0.21005.1
MinimumVisualStudioVersion = 10.0.40219.1
Project("{FAE04EC0-301F-11D3-BF4B-00C04F79EFBC}") = "HCTestDemo", "HCTestDemo\HCTestDemo.csproj", "{CFD0B514-EB16-4B2A-B3B8-727F8E5EE738}"
EndProject
Global
	GlobalSection(SolutionConfigurationPlatforms) = preSolution
		Debug|Any CPU = Debug|Any CPU
		Release|Any CPU = Release|Any CPU
	EndGlobalSection
	GlobalSection(ProjectConfigurationPlatforms) = postSolution
		{CFD0B514-EB16-4B2A-B3B8-727F8E5EE738}.Debug|Any CPU.ActiveCfg = Debug|Any CPU
		{CFD0B514-EB16-4B2A-B3B8-727F8E5EE738}.Debug|Any CPU.Build.0 = Debug|Any CPU
		{CFD0B514-EB16-4B2A-B3B8-727F8E5EE738}.Release|Any CPU.ActiveCfg = Release|Any CPU
		{CFD0B514-EB16-4B2A-B3B8-727F8E5EE738}.Release|Any CPU.Build.0 = Release|Any CPU
	EndGlobalSection
	GlobalSection(SolutionProperties) = preSolution
		HideSolutionNode = FALSE
	EndGlobalSection
EndGlobal
